version = 1
revision = 3
requires-python = ">=3.9"
resolution-markers = [
    "python_full_version >= '3.10'",
    "python_full_version < '3.10'",
]

[[package]]
name = "divcoll"
version = "0.1.0"
source = { editable = "." }
dependencies = [
    { name = "pip", version = "26.0.1", source = { registry = "https://pypi.org/simple" }, marker = "python_full_version < '3.10'" },
    { name = "pip", version = "26.2.1", source = { registry = "https://pypi.org/simple" }, marker = "python_full_version >= '3.10'" },
]

[package.metadata]
requires-dist = [{ name = "pip", specifier = ">=26.0.1" }]

[[package]]
name = "pip"
version = "26.0.1"
source = { registry = "https://pypi.org/simple" }
resolution-markers = [
    "python_full_version < '3.10'",
]
sdist = { url = "https://files.pythonhosted.org/packages/48/83/0d7d4e9efe3344b8e2fe25d93be44f64b65364d3c8d7bc6dc90198d5422e/pip-26.0.1.tar.gz", hash = "sha256:c4037d8a277c89b320abe636d59f91e6d0922d08a05b60e85e53b296613346d8", size = 1812747, upload-time = "2026-02-05T02:20:18.702Z" }
wheels = [
    { url = "https://files.pythonhosted.org/packages/de/f0/c81e05b613866b76d2d1066490adf1a3dbc4ee9d9c839961c3fc8a6997af/pip-26.0.1-py3-none-any.whl", hash = "sha256:bdb1b08f4274833d62c1aa29e20907365a2ceb950410df15fc9521bad440122b", size = 1787723, upload-time = "2026-02-05T02:20:16.416Z" },
]

[[package]]
name = "pip"
version = "26.2.1"
source = { registry = "https://pypi.org/simple" }
resolution-markers = [
    "python_full_version >= '3.10'",
]
sdist = { url = "https://files.pythonhosted.org/packages/ae/15/4500e320e6b101ec3b719ae85b697d9940b6cda672bc555bd6016fc60c6f/pip-26.2.1.tar.gz", hash = "sha256:f6ad667e89a1fe78046c8f13232b247200f5258d7828f3f7883d660878e0813f", size = 1848877, upload-time = "2026-08-04T22:51:14.148Z" }
wheels = [
    { url = "https://files.pythonhosted.org/packages/f3/6e/1736e5b4ae2b778ef2f81c47d797de9f891d4d8acb047a24ca37a60294dd/pip-26.2.1-py3-none-any.whl", hash = "sha256:71138adf1f4ca900cdb7d289c21b7494329f2332b6d85f0e1c42108c0384ed3e", size = 1816632, upload-time = "2026-08-04T22:51:12.472Z" },
]
